
Microsoft Visual Studio Solution File, Format Version 12.00
# Visual Studio Version 17
VisualStudioVersion = 17.5.002.0
MinimumVisualStudioVersion = 10.0.40219.1
Project("{9A19103F-16F7-4668-BE54-9A1E7A4F7556}") = "csharp-projeto-musical", "csharp-projeto-musical.csproj", "{410623C4-0FD7-40C4-8B26-35274E5DFD1F}"
EndProject
Global
	GlobalSection(SolutionConfigurationPlatforms) = preSolution
		Debug|Any CPU = Debug|Any CPU
		Release|Any CPU = Release|Any CPU
	EndGlobalSection
	GlobalSection(ProjectConfigurationPlatforms) = postSolution
		{410623C4-0FD7-40C4-8B26-35274E5DFD1F}.Debug|Any CPU.ActiveCfg = Debug|Any CPU
		{410623C4-0FD7-40C4-8B26-35274E5DFD1F}.Debug|Any CPU.Build.0 = Debug|Any CPU
		{410623C4-0FD7-40C4-8B26-35274E5DFD1F}.Release|Any CPU.ActiveCfg = Release|Any CPU
		{410623C4-0FD7-40C4-8B26-35274E5DFD1F}.Release|Any CPU.Build.0 = Release|Any CPU
	EndGlobalSection
	GlobalSection(SolutionProperties) = preSolution
		HideSolutionNode = FALSE
	EndGlobalSection
	GlobalSection(ExtensibilityGlobals) = postSolution
		SolutionGuid = {F134ABB1-47ED-4976-900B-24163995A4D9}
	EndGlobalSection
EndGlobal
